
Microsoft Visual Studio Solution File, Format Version 12.00
# Visual Studio Version 17
VisualStudioVersion = 17.3.32819.101
MinimumVisualStudioVersion = 10.0.40219.1
Project("{9A19103F-16F7-4668-BE54-9A1E7A4F7556}") = "Shopping.Client", "Shopping.Client\Shopping.Client.csproj", "{5AE8DC11-6B49-4FA9-A140-A712645AA297}"
EndProject
Project("{9A19103F-16F7-4668-BE54-9A1E7A4F7556}") = "Shopping.API", "Shopping.API\Shopping.API.csproj", "{CE62D273-DB77-4C6F-9DD4-1F843ED058D7}"
EndProject
Project("{E53339B2-1760-4266-BCC7-CA923CBCF16C}") = "docker-compose", "docker-compose.dcproj", "{FA765E3A-BF62-40C5-9C1F-2555C21C5445}"
EndProject
Global
	GlobalSection(SolutionConfigurationPlatforms) = preSolution
		Debug|Any CPU = Debug|Any CPU
		Release|Any CPU = Release|Any CPU
	EndGlobalSection
	GlobalSection(ProjectConfigurationPlatforms) = postSolution
		{5AE8DC11-6B49-4FA9-A140-A712645AA297}.Debug|Any CPU.ActiveCfg = Debug|Any CPU
		{5AE8DC11-6B49-4FA9-A140-A712645AA297}.Debug|Any CPU.Build.0 = Debug|Any CPU
		{5AE8DC11-6B49-4FA9-A140-A712645AA297}.Release|Any CPU.ActiveCfg = Release|Any CPU
		{5AE8DC11-6B49-4FA9-A140-A712645AA297}.Release|Any CPU.Build.0 = Release|Any CPU
		{CE62D273-DB77-4C6F-9DD4-1F843ED058D7}.Debug|Any CPU.ActiveCfg = Debug|Any CPU
		{CE62D273-DB77-4C6F-9DD4-1F843ED058D7}.Debug|Any CPU.Build.0 = Debug|Any CPU
		{CE62D273-DB77-4C6F-9DD4-1F843ED058D7}.Release|Any CPU.ActiveCfg = Release|Any CPU
		{CE62D273-DB77-4C6F-9DD4-1F843ED058D7}.Release|Any CPU.Build.0 = Release|Any CPU
		{FA765E3A-BF62-40C5-9C1F-2555C21C5445}.Debug|Any CPU.ActiveCfg = Debug|Any CPU
		{FA765E3A-BF62-40C5-9C1F-2555C21C5445}.Debug|Any CPU.Build.0 = Debug|Any CPU
		{FA765E3A-BF62-40C5-9C1F-2555C21C5445}.Release|Any CPU.ActiveCfg = Release|Any CPU
		{FA765E3A-BF62-40C5-9C1F-2555C21C5445}.Release|Any CPU.Build.0 = Release|Any CPU
	EndGlobalSection
	GlobalSection(SolutionProperties) = preSolution
		HideSolutionNode = FALSE
	EndGlobalSection
	GlobalSection(ExtensibilityGlobals) = postSolution
		SolutionGuid = {6EA74AAF-38EA-4781-983B-C91F3C6F656A}
	EndGlobalSection
EndGlobal
